// !$*UTF8*$!
{
	archiveVersion = 1;
	classes = {
	};
	objectVersion = 52;
	objects = {

/* Begin PBXBuildFile section */
		9D3D6C0823D88CAB00DF8009 /* libdsmTests.swift in Sources */ = {isa = PBXBuildFile; fileRef = 9D3D6C0723D88CAB00DF8009 /* libdsmTests.swift */; };
		9D3D6C0A23D88CAB00DF8009 /* libdsm.h in Headers */ = {isa = PBXBuildFile; fileRef = 9D3D6BFC23D88CAB00DF8009 /* libdsm.h */; settings = {ATTRIBUTES = (Public, ); }; };
		9D3D6C2723D88EE000DF8009 /* libdsm.framework in Frameworks */ = {isa = PBXBuildFile; fileRef = 9D3D6BF923D88CAB00DF8009 /* libdsm.framework */; };
		9D3D6C3723D890E200DF8009 /* libiconv.a in Frameworks */ = {isa = PBXBuildFile; fileRef = 9D3D6C3323D890E200DF8009 /* libiconv.a */; platformFilter = ios; };
		9D3D6C3823D890E200DF8009 /* libdsm.a in Frameworks */ = {isa = PBXBuildFile; fileRef = 9D3D6C3423D890E200DF8009 /* libdsm.a */; platformFilter = ios; };
		9D3D6C3923D890E200DF8009 /* libcharset.a in Frameworks */ = {isa = PBXBuildFile; fileRef = 9D3D6C3523D890E200DF8009 /* libcharset.a */; platformFilter = ios; };
		9D3D6C3A23D890E200DF8009 /* libtasn1.a in Frameworks */ = {isa = PBXBuildFile; fileRef = 9D3D6C3623D890E200DF8009 /* libtasn1.a */; platformFilter = ios; };
		9D3D6C4623D8912B00DF8009 /* include in Headers */ = {isa = PBXBuildFile; fileRef = 9D3D6C4523D8912B00DF8009 /* include */; platformFilter = ios; };
/* End PBXBuildFile section */

/* Begin PBXContainerItemProxy section */
		9D3D6C0423D88CAB00DF8009 /* PBXContainerItemProxy */ = {
			isa = PBXContainerItemProxy;
			containerPortal = 9D3D6BF023D88CAB00DF8009 /* Project object */;
			proxyType = 1;
			remoteGlobalIDString = 9D3D6BF823D88CAB00DF8009;
			remoteInfo = libdsm;
		};
/* End PBXContainerItemProxy section */

/* Begin PBXFileReference section */
		9D3D6BF923D88CAB00DF8009 /* libdsm.framework */ = {isa = PBXFileReference; explicitFileType = wrapper.framework; includeInIndex = 0; path = libdsm.framework; sourceTree = BUILT_PRODUCTS_DIR; };
		9D3D6BFC23D88CAB00DF8009 /* libdsm.h */ = {isa = PBXFileReference; lastKnownFileType = sourcecode.c.h; path = libdsm.h; sourceTree = "<group>"; };
		9D3D6BFD23D88CAB00DF8009 /* Info.plist */ = {isa = PBXFileReference; lastKnownFileType = text.plist.xml; path = Info.plist; sourceTree = "<group>"; };
		9D3D6C0223D88CAB00DF8009 /* libdsmTests.xctest */ = {isa = PBXFileReference; explicitFileType = wrapper.cfbundle; includeInIndex = 0; path = libdsmTests.xctest; sourceTree = BUILT_PRODUCTS_DIR; };
		9D3D6C0723D88CAB00DF8009 /* libdsmTests.swift */ = {isa = PBXFileReference; lastKnownFileType = sourcecode.swift; path = libdsmTests.swift; sourceTree = "<group>"; };
		9D3D6C0923D88CAB00DF8009 /* Info.plist */ = {isa = PBXFileReference; lastKnownFileType = text.plist.xml; path = Info.plist; sourceTree = "<group>"; };
		9D3D6C2B23D890B100DF8009 /* libcharset.a */ = {isa = PBXFileReference; lastKnownFileType = archive.ar; name = libcharset.a; path = dsm/lib/libcharset.a; sourceTree = "<group>"; };
		9D3D6C2C23D890B100DF8009 /* libdsm.a */ = {isa = PBXFileReference; lastKnownFileType = archive.ar; name = libdsm.a; path = dsm/lib/libdsm.a; sourceTree = "<group>"; };
		9D3D6C2D23D890B100DF8009 /* libiconv.a */ = {isa = PBXFileReference; lastKnownFileType = archive.ar; name = libiconv.a; path = dsm/lib/libiconv.a; sourceTree = "<group>"; };
		9D3D6C2E23D890B100DF8009 /* libtasn1.a */ = {isa = PBXFileReference; lastKnownFileType = archive.ar; name = libtasn1.a; path = dsm/lib/libtasn1.a; sourceTree = "<group>"; };
		9D3D6C3323D890E200DF8009 /* libiconv.a */ = {isa = PBXFileReference; lastKnownFileType = archive.ar; name = libiconv.a; path = native_libdsm/lib/libiconv.a; sourceTree = "<group>"; };
		9D3D6C3423D890E200DF8009 /* libdsm.a */ = {isa = PBXFileReference; lastKnownFileType = archive.ar; name = libdsm.a; path = native_libdsm/lib/libdsm.a; sourceTree = "<group>"; };
		9D3D6C3523D890E200DF8009 /* libcharset.a */ = {isa = PBXFileReference; lastKnownFileType = archive.ar; name = libcharset.a; path = native_libdsm/lib/libcharset.a; sourceTree = "<group>"; };
		9D3D6C3623D890E200DF8009 /* libtasn1.a */ = {isa = PBXFileReference; lastKnownFileType = archive.ar; name = libtasn1.a; path = native_libdsm/lib/libtasn1.a; sourceTree = "<group>"; };
		9D3D6C4523D8912B00DF8009 /* include */ = {isa = PBXFileReference; lastKnownFileType = folder; name = include; path = native_libdsm/include; sourceTree = "<group>"; };
		9D3D6C4723D8915100DF8009 /* lib */ = {isa = PBXFileReference; lastKnownFileType = folder; name = lib; path = native_libdsm/lib; sourceTree = "<group>"; };
/* End PBXFileReference section */

/* Begin PBXFrameworksBuildPhase section */
		9D3D6BF623D88CAB00DF8009 /* Frameworks */ = {
			isa = PBXFrameworksBuildPhase;
			buildActionMask = 2147483647;
			files = (
				9D3D6C3723D890E200DF8009 /* libiconv.a in Frameworks */,
				9D3D6C3823D890E200DF8009 /* libdsm.a in Frameworks */,
				9D3D6C3923D890E200DF8009 /* libcharset.a in Frameworks */,
				9D3D6C3A23D890E200DF8009 /* libtasn1.a in Frameworks */,
			);
			runOnlyForDeploymentPostprocessing = 0;
		};
		9D3D6BFF23D88CAB00DF8009 /* Frameworks */ = {
			isa = PBXFrameworksBuildPhase;
			buildActionMask = 2147483647;
			files = (
				9D3D6C2723D88EE000DF8009 /* libdsm.framework in Frameworks */,
			);
			runOnlyForDeploymentPostprocessing = 0;
		};
/* End PBXFrameworksBuildPhase section */

/* Begin PBXGroup section */
		9D3D6BEF23D88CAB00DF8009 = {
			isa = PBXGroup;
			children = (
				9D3D6C4523D8912B00DF8009 /* include */,
				9D3D6BFB23D88CAB00DF8009 /* libdsm */,
				9D3D6C0623D88CAB00DF8009 /* libdsmTests */,
				9D3D6BFA23D88CAB00DF8009 /* Products */,
				9D3D6C2A23D890B100DF8009 /* Frameworks */,
			);
			sourceTree = "<group>";
		};
		9D3D6BFA23D88CAB00DF8009 /* Products */ = {
			isa = PBXGroup;
			children = (
				9D3D6BF923D88CAB00DF8009 /* libdsm.framework */,
				9D3D6C0223D88CAB00DF8009 /* libdsmTests.xctest */,
			);
			name = Products;
			sourceTree = "<group>";
		};
		9D3D6BFB23D88CAB00DF8009 /* libdsm */ = {
			isa = PBXGroup;
			children = (
				9D3D6BFC23D88CAB00DF8009 /* libdsm.h */,
				9D3D6BFD23D88CAB00DF8009 /* Info.plist */,
			);
			path = libdsm;
			sourceTree = "<group>";
		};
		9D3D6C0623D88CAB00DF8009 /* libdsmTests */ = {
			isa = PBXGroup;
			children = (
				9D3D6C0723D88CAB00DF8009 /* libdsmTests.swift */,
				9D3D6C0923D88CAB00DF8009 /* Info.plist */,
			);
			path = libdsmTests;
			sourceTree = "<group>";
		};
		9D3D6C2A23D890B100DF8009 /* Frameworks */ = {
			isa = PBXGroup;
			children = (
				9D3D6C4723D8915100DF8009 /* lib */,
				9D3D6C3523D890E200DF8009 /* libcharset.a */,
				9D3D6C3423D890E200DF8009 /* libdsm.a */,
				9D3D6C3323D890E200DF8009 /* libiconv.a */,
				9D3D6C3623D890E200DF8009 /* libtasn1.a */,
				9D3D6C2B23D890B100DF8009 /* libcharset.a */,
				9D3D6C2C23D890B100DF8009 /* libdsm.a */,
				9D3D6C2D23D890B100DF8009 /* libiconv.a */,
				9D3D6C2E23D890B100DF8009 /* libtasn1.a */,
			);
			name = Frameworks;
			sourceTree = "<group>";
		};
/* End PBXGroup section */

/* Begin PBXHeadersBuildPhase section */
		9D3D6BF423D88CAB00DF8009 /* Headers */ = {
			isa = PBXHeadersBuildPhase;
			buildActionMask = 2147483647;
			files = (
				9D3D6C0A23D88CAB00DF8009 /* libdsm.h in Headers */,
				9D3D6C4623D8912B00DF8009 /* include in Headers */,
			);
			runOnlyForDeploymentPostprocessing = 0;
		};
/* End PBXHeadersBuildPhase section */

/* Begin PBXNativeTarget section */
		9D3D6BF823D88CAB00DF8009 /* libdsm */ = {
			isa = PBXNativeTarget;
			buildConfigurationList = 9D3D6C0D23D88CAB00DF8009 /* Build configuration list for PBXNativeTarget "libdsm" */;
			buildPhases = (
				9D3D6BF423D88CAB00DF8009 /* Headers */,
				9D3D6BF523D88CAB00DF8009 /* Sources */,
				9D3D6BF623D88CAB00DF8009 /* Frameworks */,
				9D3D6BF723D88CAB00DF8009 /* Resources */,
			);
			buildRules = (
			);
			dependencies = (
			);
			name = libdsm;
			productName = libdsm;
			productReference = 9D3D6BF923D88CAB00DF8009 /* libdsm.framework */;
			productType = "com.apple.product-type.framework";
		};
		9D3D6C0123D88CAB00DF8009 /* libdsmTests */ = {
			isa = PBXNativeTarget;
			buildConfigurationList = 9D3D6C1023D88CAB00DF8009 /* Build configuration list for PBXNativeTarget "libdsmTests" */;
			buildPhases = (
				9D3D6BFE23D88CAB00DF8009 /* Sources */,
				9D3D6BFF23D88CAB00DF8009 /* Frameworks */,
				9D3D6C0023D88CAB00DF8009 /* Resources */,
			);
			buildRules = (
			);
			dependencies = (
				9D3D6C0523D88CAB00DF8009 /* PBXTargetDependency */,
			);
			name = libdsmTests;
			productName = libdsmTests;
			productReference = 9D3D6C0223D88CAB00DF8009 /* libdsmTests.xctest */;
			productType = "com.apple.product-type.bundle.unit-test";
		};
/* End PBXNativeTarget section */

/* Begin PBXProject section */
		9D3D6BF023D88CAB00DF8009 /* Project object */ = {
			isa = PBXProject;
			attributes = {
				LastSwiftUpdateCheck = 1100;
				LastUpgradeCheck = 1100;
				ORGANIZATIONNAME = biezhihua;
				TargetAttributes = {
					9D3D6BF823D88CAB00DF8009 = {
						CreatedOnToolsVersion = 11.0;
					};
					9D3D6C0123D88CAB00DF8009 = {
						CreatedOnToolsVersion = 11.0;
					};
				};
			};
			buildConfigurationList = 9D3D6BF323D88CAB00DF8009 /* Build configuration list for PBXProject "libdsm" */;
			compatibilityVersion = "Xcode 9.3";
			developmentRegion = en;
			hasScannedForEncodings = 0;
			knownRegions = (
				en,
				Base,
			);
			mainGroup = 9D3D6BEF23D88CAB00DF8009;
			productRefGroup = 9D3D6BFA23D88CAB00DF8009 /* Products */;
			projectDirPath = "";
			projectRoot = "";
			targets = (
				9D3D6BF823D88CAB00DF8009 /* libdsm */,
				9D3D6C0123D88CAB00DF8009 /* libdsmTests */,
			);
		};
/* End PBXProject section */

/* Begin PBXResourcesBuildPhase section */
		9D3D6BF723D88CAB00DF8009 /* Resources */ = {
			isa = PBXResourcesBuildPhase;
			buildActionMask = 2147483647;
			files = (
			);
			runOnlyForDeploymentPostprocessing = 0;
		};
		9D3D6C0023D88CAB00DF8009 /* Resources */ = {
			isa = PBXResourcesBuildPhase;
			buildActionMask = 2147483647;
			files = (
			);
			runOnlyForDeploymentPostprocessing = 0;
		};
/* End PBXResourcesBuildPhase section */

/* Begin PBXSourcesBuildPhase section */
		9D3D6BF523D88CAB00DF8009 /* Sources */ = {
			isa = PBXSourcesBuildPhase;
			buildActionMask = 2147483647;
			files = (
			);
			runOnlyForDeploymentPostprocessing = 0;
		};
		9D3D6BFE23D88CAB00DF8009 /* Sources */ = {
			isa = PBXSourcesBuildPhase;
			buildActionMask = 2147483647;
			files = (
				9D3D6C0823D88CAB00DF8009 /* libdsmTests.swift in Sources */,
			);
			runOnlyForDeploymentPostprocessing = 0;
		};
/* End PBXSourcesBuildPhase section */

/* Begin PBXTargetDependency section */
		9D3D6C0523D88CAB00DF8009 /* PBXTargetDependency */ = {
			isa = PBXTargetDependency;
			target = 9D3D6BF823D88CAB00DF8009 /* libdsm */;
			targetProxy = 9D3D6C0423D88CAB00DF8009 /* PBXContainerItemProxy */;
		};
/* End PBXTargetDependency section */

/* Begin XCBuildConfiguration section */
		9D3D6C0B23D88CAB00DF8009 /* Debug */ = {
			isa = XCBuildConfiguration;
			buildSettings = {
				ALWAYS_SEARCH_USER_PATHS = NO;
				CLANG_ANALYZER_NONNULL = YES;
				CLANG_ANALYZER_NUMBER_OBJECT_CONVERSION = YES_AGGRESSIVE;
				CLANG_CXX_LANGUAGE_STANDARD = "gnu++14";
				CLANG_CXX_LIBRARY = "libc++";
				CLANG_ENABLE_MODULES = YES;
				CLANG_ENABLE_OBJC_ARC = YES;
				CLANG_ENABLE_OBJC_WEAK = YES;
				CLANG_WARN_BLOCK_CAPTURE_AUTORELEASING = YES;
				CLANG_WARN_BOOL_CONVERSION = YES;
				CLANG_WARN_COMMA = YES;
				CLANG_WARN_CONSTANT_CONVERSION = YES;
				CLANG_WARN_DEPRECATED_OBJC_IMPLEMENTATIONS = YES;
				CLANG_WARN_DIRECT_OBJC_ISA_USAGE = YES_ERROR;
				CLANG_WARN_DOCUMENTATION_COMMENTS = YES;
				CLANG_WARN_EMPTY_BODY = YES;
				CLANG_WARN_ENUM_CONVERSION = YES;
				CLANG_WARN_INFINITE_RECURSION = YES;
				CLANG_WARN_INT_CONVERSION = YES;
				CLANG_WARN_NON_LITERAL_NULL_CONVERSION = YES;
				CLANG_WARN_OBJC_IMPLICIT_RETAIN_SELF = YES;
				CLANG_WARN_OBJC_LITERAL_CONVERSION = YES;
				CLANG_WARN_OBJC_ROOT_CLASS = YES_ERROR;
				CLANG_WARN_RANGE_LOOP_ANALYSIS = YES;
				CLANG_WARN_STRICT_PROTOTYPES = YES;
				CLANG_WARN_SUSPICIOUS_MOVE = YES;
				CLANG_WARN_UNGUARDED_AVAILABILITY = YES_AGGRESSIVE;
				CLANG_WARN_UNREACHABLE_CODE = YES;
				CLANG_WARN__DUPLICATE_METHOD_MATCH = YES;
				COPY_PHASE_STRIP = NO;
				CURRENT_PROJECT_VERSION = 1;
				DEBUG_INFORMATION_FORMAT = dwarf;
				ENABLE_STRICT_OBJC_MSGSEND = YES;
				ENABLE_TESTABILITY = YES;
				GCC_C_LANGUAGE_STANDARD = gnu11;
				GCC_DYNAMIC_NO_PIC = NO;
				GCC_NO_COMMON_BLOCKS = YES;
				GCC_OPTIMIZATION_LEVEL = 0;
				GCC_PREPROCESSOR_DEFINITIONS = (
					"DEBUG=1",
					"$(inherited)",
				);
				GCC_WARN_64_TO_32_BIT_CONVERSION = YES;
				GCC_WARN_ABOUT_RETURN_TYPE = YES_ERROR;
				GCC_WARN_UNDECLARED_SELECTOR = YES;
				GCC_WARN_UNINITIALIZED_AUTOS = YES_AGGRESSIVE;
				GCC_WARN_UNUSED_FUNCTION = YES;
				GCC_WARN_UNUSED_VARIABLE = YES;
				IPHONEOS_DEPLOYMENT_TARGET = 13.0;
				MTL_ENABLE_DEBUG_INFO = INCLUDE_SOURCE;
				MTL_FAST_MATH = YES;
				ONLY_ACTIVE_ARCH = YES;
				SDKROOT = iphoneos;
				SWIFT_ACTIVE_COMPILATION_CONDITIONS = DEBUG;
				SWIFT_OPTIMIZATION_LEVEL = "-Onone";
				VERSIONING_SYSTEM = "apple-generic";
				VERSION_INFO_PREFIX = "";
			};
			name = Debug;
		};
		9D3D6C0C23D88CAB00DF8009 /* Release */ = {
			isa = XCBuildConfiguration;
			buildSettings = {
				ALWAYS_SEARCH_USER_PATHS = NO;
				CLANG_ANALYZER_NONNULL = YES;
				CLANG_ANALYZER_NUMBER_OBJECT_CONVERSION = YES_AGGRESSIVE;
				CLANG_CXX_LANGUAGE_STANDARD = "gnu++14";
				CLANG_CXX_LIBRARY = "libc++";
				CLANG_ENABLE_MODULES = YES;
				CLANG_ENABLE_OBJC_ARC = YES;
				CLANG_ENABLE_OBJC_WEAK = YES;
				CLANG_WARN_BLOCK_CAPTURE_AUTORELEASING = YES;
				CLANG_WARN_BOOL_CONVERSION = YES;
				CLANG_WARN_COMMA = YES;
				CLANG_WARN_CONSTANT_CONVERSION = YES;
				CLANG_WARN_DEPRECATED_OBJC_IMPLEMENTATIONS = YES;
				CLANG_WARN_DIRECT_OBJC_ISA_USAGE = YES_ERROR;
				CLANG_WARN_DOCUMENTATION_COMMENTS = YES;
				CLANG_WARN_EMPTY_BODY = YES;
				CLANG_WARN_ENUM_CONVERSION = YES;
				CLANG_WARN_INFINITE_RECURSION = YES;
				CLANG_WARN_INT_CONVERSION = YES;
				CLANG_WARN_NON_LITERAL_NULL_CONVERSION = YES;
				CLANG_WARN_OBJC_IMPLICIT_RETAIN_SELF = YES;
				CLANG_WARN_OBJC_LITERAL_CONVERSION = YES;
				CLANG_WARN_OBJC_ROOT_CLASS = YES_ERROR;
				CLANG_WARN_RANGE_LOOP_ANALYSIS = YES;
				CLANG_WARN_STRICT_PROTOTYPES = YES;
				CLANG_WARN_SUSPICIOUS_MOVE = YES;
				CLANG_WARN_UNGUARDED_AVAILABILITY = YES_AGGRESSIVE;
				CLANG_WARN_UNREACHABLE_CODE = YES;
				CLANG_WARN__DUPLICATE_METHOD_MATCH = YES;
				COPY_PHASE_STRIP = NO;
				CURRENT_PROJECT_VERSION = 1;
				DEBUG_INFORMATION_FORMAT = "dwarf-with-dsym";
				ENABLE_NS_ASSERTIONS = NO;
				ENABLE_STRICT_OBJC_MSGSEND = YES;
				GCC_C_LANGUAGE_STANDARD = gnu11;
				GCC_NO_COMMON_BLOCKS = YES;
				GCC_WARN_64_TO_32_BIT_CONVERSION = YES;
				GCC_WARN_ABOUT_RETURN_TYPE = YES_ERROR;
				GCC_WARN_UNDECLARED_SELECTOR = YES;
				GCC_WARN_UNINITIALIZED_AUTOS = YES_AGGRESSIVE;
				GCC_WARN_UNUSED_FUNCTION = YES;
				GCC_WARN_UNUSED_VARIABLE = YES;
				IPHONEOS_DEPLOYMENT_TARGET = 13.0;
				MTL_ENABLE_DEBUG_INFO = NO;
				MTL_FAST_MATH = YES;
				SDKROOT = iphoneos;
				SWIFT_COMPILATION_MODE = wholemodule;
				SWIFT_OPTIMIZATION_LEVEL = "-O";
				VALIDATE_PRODUCT = YES;
				VERSIONING_SYSTEM = "apple-generic";
				VERSION_INFO_PREFIX = "";
			};
			name = Release;
		};
		9D3D6C0E23D88CAB00DF8009 /* Debug */ = {
			isa = XCBuildConfiguration;
			buildSettings = {
				CODE_SIGN_STYLE = Automatic;
				DEFINES_MODULE = YES;
				DEVELOPMENT_TEAM = TNX2PP585H;
				DYLIB_COMPATIBILITY_VERSION = 1;
				DYLIB_CURRENT_VERSION = 1;
				DYLIB_INSTALL_NAME_BASE = "@rpath";
				INFOPLIST_FILE = libdsm/Info.plist;
				INSTALL_PATH = "$(LOCAL_LIBRARY_DIR)/Frameworks";
				LD_RUNPATH_SEARCH_PATHS = (
					"$(inherited)",
					"@executable_path/Frameworks",
					"@loader_path/Frameworks",
				);
				LIBRARY_SEARCH_PATHS = (
					"$(inherited)",
					"$(PROJECT_DIR)/dsm/lib",
					"$(PROJECT_DIR)/native_libdsm/lib",
				);
				PRODUCT_BUNDLE_IDENTIFIER = com.bzh.libdsm;
				PRODUCT_NAME = "$(TARGET_NAME:c99extidentifier)";
				SKIP_INSTALL = YES;
				SWIFT_VERSION = 5.0;
				TARGETED_DEVICE_FAMILY = "1,2";
			};
			name = Debug;
		};
		9D3D6C0F23D88CAB00DF8009 /* Release */ = {
			isa = XCBuildConfiguration;
			buildSettings = {
				CODE_SIGN_STYLE = Automatic;
				DEFINES_MODULE = YES;
				DEVELOPMENT_TEAM = TNX2PP585H;
				DYLIB_COMPATIBILITY_VERSION = 1;
				DYLIB_CURRENT_VERSION = 1;
				DYLIB_INSTALL_NAME_BASE = "@rpath";
				INFOPLIST_FILE = libdsm/Info.plist;
				INSTALL_PATH = "$(LOCAL_LIBRARY_DIR)/Frameworks";
				LD_RUNPATH_SEARCH_PATHS = (
					"$(inherited)",
					"@executable_path/Frameworks",
					"@loader_path/Frameworks",
				);
				LIBRARY_SEARCH_PATHS = (
					"$(inherited)",
					"$(PROJECT_DIR)/dsm/lib",
					"$(PROJECT_DIR)/native_libdsm/lib",
				);
				PRODUCT_BUNDLE_IDENTIFIER = com.bzh.libdsm;
				PRODUCT_NAME = "$(TARGET_NAME:c99extidentifier)";
				SKIP_INSTALL = YES;
				SWIFT_VERSION = 5.0;
				TARGETED_DEVICE_FAMILY = "1,2";
			};
			name = Release;
		};
		9D3D6C1123D88CAB00DF8009 /* Debug */ = {
			isa = XCBuildConfiguration;
			buildSettings = {
				CODE_SIGN_STYLE = Automatic;
				DEVELOPMENT_TEAM = TNX2PP585H;
				INFOPLIST_FILE = libdsmTests/Info.plist;
				LD_RUNPATH_SEARCH_PATHS = (
					"$(inherited)",
					"@executable_path/Frameworks",
					"@loader_path/Frameworks",
				);
				PRODUCT_BUNDLE_IDENTIFIER = com.bzh.libdsmTests;
				PRODUCT_NAME = "$(TARGET_NAME)";
				SWIFT_VERSION = 5.0;
				TARGETED_DEVICE_FAMILY = "1,2";
			};
			name = Debug;
		};
		9D3D6C1223D88CAB00DF8009 /* Release */ = {
			isa = XCBuildConfiguration;
			buildSettings = {
				CODE_SIGN_STYLE = Automatic;
				DEVELOPMENT_TEAM = TNX2PP585H;
				INFOPLIST_FILE = libdsmTests/Info.plist;
				LD_RUNPATH_SEARCH_PATHS = (
					"$(inherited)",
					"@executable_path/Frameworks",
					"@loader_path/Frameworks",
				);
				PRODUCT_BUNDLE_IDENTIFIER = com.bzh.libdsmTests;
				PRODUCT_NAME = "$(TARGET_NAME)";
				SWIFT_VERSION = 5.0;
				TARGETED_DEVICE_FAMILY = "1,2";
			};
			name = Release;
		};
/* End XCBuildConfiguration section */

/* Begin XCConfigurationList section */
		9D3D6BF323D88CAB00DF8009 /* Build configuration list for PBXProject "libdsm" */ = {
			isa = XCConfigurationList;
			buildConfigurations = (
				9D3D6C0B23D88CAB00DF8009 /* Debug */,
				9D3D6C0C23D88CAB00DF8009 /* Release */,
			);
			defaultConfigurationIsVisible = 0;
			defaultConfigurationName = Release;
		};
		9D3D6C0D23D88CAB00DF8009 /* Build configuration list for PBXNativeTarget "libdsm" */ = {
			isa = XCConfigurationList;
			buildConfigurations = (
				9D3D6C0E23D88CAB00DF8009 /* Debug */,
				9D3D6C0F23D88CAB00DF8009 /* Release */,
			);
			defaultConfigurationIsVisible = 0;
			defaultConfigurationName = Release;
		};
		9D3D6C1023D88CAB00DF8009 /* Build configuration list for PBXNativeTarget "libdsmTests" */ = {
			isa = XCConfigurationList;
			buildConfigurations = (
				9D3D6C1123D88CAB00DF8009 /* Debug */,
				9D3D6C1223D88CAB00DF8009 /* Release */,
			);
			defaultConfigurationIsVisible = 0;
			defaultConfigurationName = Release;
		};
/* End XCConfigurationList section */
	};
	rootObject = 9D3D6BF023D88CAB00DF8009 /* Project object */;
}
