// !$*UTF8*$!
{
	archiveVersion = 1;
	classes = {
	};
	objectVersion = 50;
	objects = {

/* Begin PBXBuildFile section */
		9DA45C8224B9852D0042C181 /* libcharset.a in Frameworks */ = {isa = PBXBuildFile; fileRef = 9DEA509E23D8CCEB00932DB1 /* libcharset.a */; };
		9DA45C8324B9852D0042C181 /* libdsm.a in Frameworks */ = {isa = PBXBuildFile; fileRef = 9DEA509D23D8CCEB00932DB1 /* libdsm.a */; };
		9DA45C8424B9852D0042C181 /* libiconv.a in Frameworks */ = {isa = PBXBuildFile; fileRef = 9DEA509C23D8CCEB00932DB1 /* libiconv.a */; };
		9DA45C8524B9852D0042C181 /* libtasn1.a in Frameworks */ = {isa = PBXBuildFile; fileRef = 9DEA509B23D8CCEB00932DB1 /* libtasn1.a */; };
		9DB3498C23D9CE1600F7FE36 /* json.h in Headers */ = {isa = PBXBuildFile; fileRef = 9DB3498B23D9CE1500F7FE36 /* json.h */; };
		9DEA508223D8CCA300932DB1 /* libdsm_ios.framework in Frameworks */ = {isa = PBXBuildFile; fileRef = 9DEA507823D8CCA300932DB1 /* libdsm_ios.framework */; };
		9DEA508723D8CCA300932DB1 /* libdsm_iosTests.swift in Sources */ = {isa = PBXBuildFile; fileRef = 9DEA508623D8CCA300932DB1 /* libdsm_iosTests.swift */; };
		9DEA508923D8CCA300932DB1 /* libdsm_ios.h in Headers */ = {isa = PBXBuildFile; fileRef = 9DEA507B23D8CCA300932DB1 /* libdsm_ios.h */; settings = {ATTRIBUTES = (Public, ); }; };
		9DEA50AA23D8CDE000932DB1 /* Dsm.cpp in Sources */ = {isa = PBXBuildFile; fileRef = 9DEA50A923D8CDDF00932DB1 /* Dsm.cpp */; };
		9DEA50AD23D8CDEC00932DB1 /* Dsm.h in Headers */ = {isa = PBXBuildFile; fileRef = 9DEA50AB23D8CDEC00932DB1 /* Dsm.h */; };
		9DEA50AE23D8CDEC00932DB1 /* Log.h in Headers */ = {isa = PBXBuildFile; fileRef = 9DEA50AC23D8CDEC00932DB1 /* Log.h */; };
		9DEA50B223D8CE0900932DB1 /* include in Headers */ = {isa = PBXBuildFile; fileRef = 9DEA50B123D8CE0900932DB1 /* include */; };
		9DEA50C323D95AEE00932DB1 /* birdge.cpp in Sources */ = {isa = PBXBuildFile; fileRef = 9DEA50C123D95AEE00932DB1 /* birdge.cpp */; };
		9DEA50C623D95C0500932DB1 /* Dsm.swift in Sources */ = {isa = PBXBuildFile; fileRef = 9DEA50C523D95C0500932DB1 /* Dsm.swift */; };
		9DEA50C723D95DAC00932DB1 /* module_birdge.h in Headers */ = {isa = PBXBuildFile; fileRef = 9DEA50C023D94EF700932DB1 /* module_birdge.h */; settings = {ATTRIBUTES = (Private, ); }; };
		9DF1FC4423D99E8300A77323 /* birdge.hpp in Headers */ = {isa = PBXBuildFile; fileRef = 9DEA50C223D95AEE00932DB1 /* birdge.hpp */; settings = {ATTRIBUTES = (Private, ); }; };
/* End PBXBuildFile section */

/* Begin PBXContainerItemProxy section */
		9DEA508323D8CCA300932DB1 /* PBXContainerItemProxy */ = {
			isa = PBXContainerItemProxy;
			containerPortal = 9DEA506F23D8CCA300932DB1 /* Project object */;
			proxyType = 1;
			remoteGlobalIDString = 9DEA507723D8CCA300932DB1;
			remoteInfo = libdsm_ios;
		};
/* End PBXContainerItemProxy section */

/* Begin PBXFileReference section */
		9DB3498B23D9CE1500F7FE36 /* json.h */ = {isa = PBXFileReference; lastKnownFileType = sourcecode.c.h; name = json.h; path = ../libdsm_core/nlohmann/json.h; sourceTree = "<group>"; };
		9DEA507823D8CCA300932DB1 /* libdsm_ios.framework */ = {isa = PBXFileReference; explicitFileType = wrapper.framework; includeInIndex = 0; path = libdsm_ios.framework; sourceTree = BUILT_PRODUCTS_DIR; };
		9DEA507B23D8CCA300932DB1 /* libdsm_ios.h */ = {isa = PBXFileReference; lastKnownFileType = sourcecode.c.h; path = libdsm_ios.h; sourceTree = "<group>"; };
		9DEA507C23D8CCA300932DB1 /* Info.plist */ = {isa = PBXFileReference; lastKnownFileType = text.plist.xml; path = Info.plist; sourceTree = "<group>"; };
		9DEA508123D8CCA300932DB1 /* libdsm_iosTests.xctest */ = {isa = PBXFileReference; explicitFileType = wrapper.cfbundle; includeInIndex = 0; path = libdsm_iosTests.xctest; sourceTree = BUILT_PRODUCTS_DIR; };
		9DEA508623D8CCA300932DB1 /* libdsm_iosTests.swift */ = {isa = PBXFileReference; lastKnownFileType = sourcecode.swift; path = libdsm_iosTests.swift; sourceTree = "<group>"; };
		9DEA508823D8CCA300932DB1 /* Info.plist */ = {isa = PBXFileReference; lastKnownFileType = text.plist.xml; path = Info.plist; sourceTree = "<group>"; };
		9DEA509B23D8CCEB00932DB1 /* libtasn1.a */ = {isa = PBXFileReference; lastKnownFileType = archive.ar; name = libtasn1.a; path = ../distribution/ios/libdsm/lib/libtasn1.a; sourceTree = "<group>"; };
		9DEA509C23D8CCEB00932DB1 /* libiconv.a */ = {isa = PBXFileReference; lastKnownFileType = archive.ar; name = libiconv.a; path = ../distribution/ios/libdsm/lib/libiconv.a; sourceTree = "<group>"; };
		9DEA509D23D8CCEB00932DB1 /* libdsm.a */ = {isa = PBXFileReference; lastKnownFileType = archive.ar; name = libdsm.a; path = ../distribution/ios/libdsm/lib/libdsm.a; sourceTree = "<group>"; };
		9DEA509E23D8CCEB00932DB1 /* libcharset.a */ = {isa = PBXFileReference; lastKnownFileType = archive.ar; name = libcharset.a; path = ../distribution/ios/libdsm/lib/libcharset.a; sourceTree = "<group>"; };
		9DEA50A923D8CDDF00932DB1 /* Dsm.cpp */ = {isa = PBXFileReference; lastKnownFileType = sourcecode.cpp.cpp; name = Dsm.cpp; path = ../libdsm_core/Dsm.cpp; sourceTree = "<group>"; };
		9DEA50AB23D8CDEC00932DB1 /* Dsm.h */ = {isa = PBXFileReference; lastKnownFileType = sourcecode.c.h; name = Dsm.h; path = ../libdsm_core/Dsm.h; sourceTree = "<group>"; };
		9DEA50AC23D8CDEC00932DB1 /* Log.h */ = {isa = PBXFileReference; lastKnownFileType = sourcecode.c.h; name = Log.h; path = ../libdsm_core/Log.h; sourceTree = "<group>"; };
		9DEA50AF23D8CDFA00932DB1 /* nlohmann */ = {isa = PBXFileReference; lastKnownFileType = folder; name = nlohmann; path = ../libdsm_core/nlohmann; sourceTree = "<group>"; };
		9DEA50B123D8CE0900932DB1 /* include */ = {isa = PBXFileReference; lastKnownFileType = folder; name = include; path = ../distribution/ios/libdsm/include; sourceTree = "<group>"; };
		9DEA50BE23D94E7D00932DB1 /* module.map */ = {isa = PBXFileReference; lastKnownFileType = "sourcecode.module-map"; path = module.map; sourceTree = "<group>"; };
		9DEA50C023D94EF700932DB1 /* module_birdge.h */ = {isa = PBXFileReference; lastKnownFileType = sourcecode.c.h; path = module_birdge.h; sourceTree = "<group>"; };
		9DEA50C123D95AEE00932DB1 /* birdge.cpp */ = {isa = PBXFileReference; lastKnownFileType = sourcecode.cpp.cpp; path = birdge.cpp; sourceTree = "<group>"; };
		9DEA50C223D95AEE00932DB1 /* birdge.hpp */ = {isa = PBXFileReference; lastKnownFileType = sourcecode.cpp.h; path = birdge.hpp; sourceTree = "<group>"; };
		9DEA50C523D95C0500932DB1 /* Dsm.swift */ = {isa = PBXFileReference; lastKnownFileType = sourcecode.swift; path = Dsm.swift; sourceTree = "<group>"; };
/* End PBXFileReference section */

/* Begin PBXFrameworksBuildPhase section */
		9DEA507523D8CCA300932DB1 /* Frameworks */ = {
			isa = PBXFrameworksBuildPhase;
			buildActionMask = 2147483647;
			files = (
				9DA45C8224B9852D0042C181 /* libcharset.a in Frameworks */,
				9DA45C8324B9852D0042C181 /* libdsm.a in Frameworks */,
				9DA45C8424B9852D0042C181 /* libiconv.a in Frameworks */,
				9DA45C8524B9852D0042C181 /* libtasn1.a in Frameworks */,
			);
			runOnlyForDeploymentPostprocessing = 0;
		};
		9DEA507E23D8CCA300932DB1 /* Frameworks */ = {
			isa = PBXFrameworksBuildPhase;
			buildActionMask = 2147483647;
			files = (
				9DEA508223D8CCA300932DB1 /* libdsm_ios.framework in Frameworks */,
			);
			runOnlyForDeploymentPostprocessing = 0;
		};
/* End PBXFrameworksBuildPhase section */

/* Begin PBXGroup section */
		9DEA506E23D8CCA300932DB1 = {
			isa = PBXGroup;
			children = (
				9DB3498B23D9CE1500F7FE36 /* json.h */,
				9DEA50B123D8CE0900932DB1 /* include */,
				9DEA50AF23D8CDFA00932DB1 /* nlohmann */,
				9DEA50AB23D8CDEC00932DB1 /* Dsm.h */,
				9DEA50AC23D8CDEC00932DB1 /* Log.h */,
				9DEA50A923D8CDDF00932DB1 /* Dsm.cpp */,
				9DEA507A23D8CCA300932DB1 /* libdsm_ios */,
				9DEA508523D8CCA300932DB1 /* libdsm_iosTests */,
				9DEA507923D8CCA300932DB1 /* Products */,
				9DEA509223D8CCBB00932DB1 /* Frameworks */,
			);
			sourceTree = "<group>";
		};
		9DEA507923D8CCA300932DB1 /* Products */ = {
			isa = PBXGroup;
			children = (
				9DEA507823D8CCA300932DB1 /* libdsm_ios.framework */,
				9DEA508123D8CCA300932DB1 /* libdsm_iosTests.xctest */,
			);
			name = Products;
			sourceTree = "<group>";
		};
		9DEA507A23D8CCA300932DB1 /* libdsm_ios */ = {
			isa = PBXGroup;
			children = (
				9DEA50BF23D94ECC00932DB1 /* birdge */,
				9DEA507B23D8CCA300932DB1 /* libdsm_ios.h */,
				9DEA507C23D8CCA300932DB1 /* Info.plist */,
				9DEA50BE23D94E7D00932DB1 /* module.map */,
				9DEA50C523D95C0500932DB1 /* Dsm.swift */,
			);
			path = libdsm_ios;
			sourceTree = "<group>";
		};
		9DEA508523D8CCA300932DB1 /* libdsm_iosTests */ = {
			isa = PBXGroup;
			children = (
				9DEA508623D8CCA300932DB1 /* libdsm_iosTests.swift */,
				9DEA508823D8CCA300932DB1 /* Info.plist */,
			);
			path = libdsm_iosTests;
			sourceTree = "<group>";
		};
		9DEA509223D8CCBB00932DB1 /* Frameworks */ = {
			isa = PBXGroup;
			children = (
				9DEA509E23D8CCEB00932DB1 /* libcharset.a */,
				9DEA509D23D8CCEB00932DB1 /* libdsm.a */,
				9DEA509C23D8CCEB00932DB1 /* libiconv.a */,
				9DEA509B23D8CCEB00932DB1 /* libtasn1.a */,
			);
			name = Frameworks;
			sourceTree = "<group>";
		};
		9DEA50BF23D94ECC00932DB1 /* birdge */ = {
			isa = PBXGroup;
			children = (
				9DEA50C023D94EF700932DB1 /* module_birdge.h */,
				9DEA50C123D95AEE00932DB1 /* birdge.cpp */,
				9DEA50C223D95AEE00932DB1 /* birdge.hpp */,
			);
			path = birdge;
			sourceTree = "<group>";
		};
/* End PBXGroup section */

/* Begin PBXHeadersBuildPhase section */
		9DEA507323D8CCA300932DB1 /* Headers */ = {
			isa = PBXHeadersBuildPhase;
			buildActionMask = 2147483647;
			files = (
				9DEA508923D8CCA300932DB1 /* libdsm_ios.h in Headers */,
				9DEA50C723D95DAC00932DB1 /* module_birdge.h in Headers */,
				9DF1FC4423D99E8300A77323 /* birdge.hpp in Headers */,
				9DB3498C23D9CE1600F7FE36 /* json.h in Headers */,
				9DEA50AD23D8CDEC00932DB1 /* Dsm.h in Headers */,
				9DEA50AE23D8CDEC00932DB1 /* Log.h in Headers */,
				9DEA50B223D8CE0900932DB1 /* include in Headers */,
			);
			runOnlyForDeploymentPostprocessing = 0;
		};
/* End PBXHeadersBuildPhase section */

/* Begin PBXNativeTarget section */
		9DEA507723D8CCA300932DB1 /* libdsm_ios */ = {
			isa = PBXNativeTarget;
			buildConfigurationList = 9DEA508C23D8CCA300932DB1 /* Build configuration list for PBXNativeTarget "libdsm_ios" */;
			buildPhases = (
				9DEA507323D8CCA300932DB1 /* Headers */,
				9DEA507423D8CCA300932DB1 /* Sources */,
				9DEA507523D8CCA300932DB1 /* Frameworks */,
				9DEA507623D8CCA300932DB1 /* Resources */,
			);
			buildRules = (
			);
			dependencies = (
			);
			name = libdsm_ios;
			productName = libdsm_ios;
			productReference = 9DEA507823D8CCA300932DB1 /* libdsm_ios.framework */;
			productType = "com.apple.product-type.framework";
		};
		9DEA508023D8CCA300932DB1 /* libdsm_iosTests */ = {
			isa = PBXNativeTarget;
			buildConfigurationList = 9DEA508F23D8CCA300932DB1 /* Build configuration list for PBXNativeTarget "libdsm_iosTests" */;
			buildPhases = (
				9DEA507D23D8CCA300932DB1 /* Sources */,
				9DEA507E23D8CCA300932DB1 /* Frameworks */,
				9DEA507F23D8CCA300932DB1 /* Resources */,
			);
			buildRules = (
			);
			dependencies = (
				9DEA508423D8CCA300932DB1 /* PBXTargetDependency */,
			);
			name = libdsm_iosTests;
			productName = libdsm_iosTests;
			productReference = 9DEA508123D8CCA300932DB1 /* libdsm_iosTests.xctest */;
			productType = "com.apple.product-type.bundle.unit-test";
		};
/* End PBXNativeTarget section */

/* Begin PBXProject section */
		9DEA506F23D8CCA300932DB1 /* Project object */ = {
			isa = PBXProject;
			attributes = {
				LastSwiftUpdateCheck = 1100;
				LastUpgradeCheck = 1100;
				ORGANIZATIONNAME = biezhihua;
				TargetAttributes = {
					9DEA507723D8CCA300932DB1 = {
						CreatedOnToolsVersion = 11.0;
						LastSwiftMigration = 1100;
					};
					9DEA508023D8CCA300932DB1 = {
						CreatedOnToolsVersion = 11.0;
					};
				};
			};
			buildConfigurationList = 9DEA507223D8CCA300932DB1 /* Build configuration list for PBXProject "libdsm_ios" */;
			compatibilityVersion = "Xcode 9.3";
			developmentRegion = en;
			hasScannedForEncodings = 0;
			knownRegions = (
				en,
				Base,
			);
			mainGroup = 9DEA506E23D8CCA300932DB1;
			productRefGroup = 9DEA507923D8CCA300932DB1 /* Products */;
			projectDirPath = "";
			projectRoot = "";
			targets = (
				9DEA507723D8CCA300932DB1 /* libdsm_ios */,
				9DEA508023D8CCA300932DB1 /* libdsm_iosTests */,
			);
		};
/* End PBXProject section */

/* Begin PBXResourcesBuildPhase section */
		9DEA507623D8CCA300932DB1 /* Resources */ = {
			isa = PBXResourcesBuildPhase;
			buildActionMask = 2147483647;
			files = (
			);
			runOnlyForDeploymentPostprocessing = 0;
		};
		9DEA507F23D8CCA300932DB1 /* Resources */ = {
			isa = PBXResourcesBuildPhase;
			buildActionMask = 2147483647;
			files = (
			);
			runOnlyForDeploymentPostprocessing = 0;
		};
/* End PBXResourcesBuildPhase section */

/* Begin PBXSourcesBuildPhase section */
		9DEA507423D8CCA300932DB1 /* Sources */ = {
			isa = PBXSourcesBuildPhase;
			buildActionMask = 2147483647;
			files = (
				9DEA50C323D95AEE00932DB1 /* birdge.cpp in Sources */,
				9DEA50AA23D8CDE000932DB1 /* Dsm.cpp in Sources */,
				9DEA50C623D95C0500932DB1 /* Dsm.swift in Sources */,
			);
			runOnlyForDeploymentPostprocessing = 0;
		};
		9DEA507D23D8CCA300932DB1 /* Sources */ = {
			isa = PBXSourcesBuildPhase;
			buildActionMask = 2147483647;
			files = (
				9DEA508723D8CCA300932DB1 /* libdsm_iosTests.swift in Sources */,
			);
			runOnlyForDeploymentPostprocessing = 0;
		};
/* End PBXSourcesBuildPhase section */

/* Begin PBXTargetDependency section */
		9DEA508423D8CCA300932DB1 /* PBXTargetDependency */ = {
			isa = PBXTargetDependency;
			target = 9DEA507723D8CCA300932DB1 /* libdsm_ios */;
			targetProxy = 9DEA508323D8CCA300932DB1 /* PBXContainerItemProxy */;
		};
/* End PBXTargetDependency section */

/* Begin XCBuildConfiguration section */
		9DEA508A23D8CCA300932DB1 /* Debug */ = {
			isa = XCBuildConfiguration;
			buildSettings = {
				ALWAYS_SEARCH_USER_PATHS = NO;
				CLANG_ANALYZER_NONNULL = YES;
				CLANG_ANALYZER_NUMBER_OBJECT_CONVERSION = YES_AGGRESSIVE;
				CLANG_CXX_LANGUAGE_STANDARD = "gnu++14";
				CLANG_CXX_LIBRARY = "libc++";
				CLANG_ENABLE_MODULES = YES;
				CLANG_ENABLE_OBJC_ARC = YES;
				CLANG_ENABLE_OBJC_WEAK = YES;
				CLANG_WARN_BLOCK_CAPTURE_AUTORELEASING = YES;
				CLANG_WARN_BOOL_CONVERSION = YES;
				CLANG_WARN_COMMA = YES;
				CLANG_WARN_CONSTANT_CONVERSION = YES;
				CLANG_WARN_DEPRECATED_OBJC_IMPLEMENTATIONS = YES;
				CLANG_WARN_DIRECT_OBJC_ISA_USAGE = YES_ERROR;
				CLANG_WARN_DOCUMENTATION_COMMENTS = YES;
				CLANG_WARN_EMPTY_BODY = YES;
				CLANG_WARN_ENUM_CONVERSION = YES;
				CLANG_WARN_INFINITE_RECURSION = YES;
				CLANG_WARN_INT_CONVERSION = YES;
				CLANG_WARN_NON_LITERAL_NULL_CONVERSION = YES;
				CLANG_WARN_OBJC_IMPLICIT_RETAIN_SELF = YES;
				CLANG_WARN_OBJC_LITERAL_CONVERSION = YES;
				CLANG_WARN_OBJC_ROOT_CLASS = YES_ERROR;
				CLANG_WARN_RANGE_LOOP_ANALYSIS = YES;
				CLANG_WARN_STRICT_PROTOTYPES = YES;
				CLANG_WARN_SUSPICIOUS_MOVE = YES;
				CLANG_WARN_UNGUARDED_AVAILABILITY = YES_AGGRESSIVE;
				CLANG_WARN_UNREACHABLE_CODE = YES;
				CLANG_WARN__DUPLICATE_METHOD_MATCH = YES;
				COPY_PHASE_STRIP = NO;
				CURRENT_PROJECT_VERSION = 1;
				DEBUG_INFORMATION_FORMAT = dwarf;
				ENABLE_STRICT_OBJC_MSGSEND = YES;
				ENABLE_TESTABILITY = YES;
				GCC_C_LANGUAGE_STANDARD = gnu11;
				GCC_DYNAMIC_NO_PIC = NO;
				GCC_NO_COMMON_BLOCKS = YES;
				GCC_OPTIMIZATION_LEVEL = 0;
				GCC_PREPROCESSOR_DEFINITIONS = (
					"DEBUG=1",
					"$(inherited)",
				);
				GCC_WARN_64_TO_32_BIT_CONVERSION = YES;
				GCC_WARN_ABOUT_RETURN_TYPE = YES_ERROR;
				GCC_WARN_UNDECLARED_SELECTOR = YES;
				GCC_WARN_UNINITIALIZED_AUTOS = YES_AGGRESSIVE;
				GCC_WARN_UNUSED_FUNCTION = YES;
				GCC_WARN_UNUSED_VARIABLE = YES;
				IPHONEOS_DEPLOYMENT_TARGET = 13.5;
				MTL_ENABLE_DEBUG_INFO = INCLUDE_SOURCE;
				MTL_FAST_MATH = YES;
				ONLY_ACTIVE_ARCH = NO;
				SDKROOT = iphoneos;
				SWIFT_ACTIVE_COMPILATION_CONDITIONS = DEBUG;
				SWIFT_OPTIMIZATION_LEVEL = "-Onone";
				VALID_ARCHS = "arm64 x86_64 arm64e";
				VERSIONING_SYSTEM = "apple-generic";
				VERSION_INFO_PREFIX = "";
			};
			name = Debug;
		};
		9DEA508B23D8CCA300932DB1 /* Release */ = {
			isa = XCBuildConfiguration;
			buildSettings = {
				ALWAYS_SEARCH_USER_PATHS = NO;
				CLANG_ANALYZER_NONNULL = YES;
				CLANG_ANALYZER_NUMBER_OBJECT_CONVERSION = YES_AGGRESSIVE;
				CLANG_CXX_LANGUAGE_STANDARD = "gnu++14";
				CLANG_CXX_LIBRARY = "libc++";
				CLANG_ENABLE_MODULES = YES;
				CLANG_ENABLE_OBJC_ARC = YES;
				CLANG_ENABLE_OBJC_WEAK = YES;
				CLANG_WARN_BLOCK_CAPTURE_AUTORELEASING = YES;
				CLANG_WARN_BOOL_CONVERSION = YES;
				CLANG_WARN_COMMA = YES;
				CLANG_WARN_CONSTANT_CONVERSION = YES;
				CLANG_WARN_DEPRECATED_OBJC_IMPLEMENTATIONS = YES;
				CLANG_WARN_DIRECT_OBJC_ISA_USAGE = YES_ERROR;
				CLANG_WARN_DOCUMENTATION_COMMENTS = YES;
				CLANG_WARN_EMPTY_BODY = YES;
				CLANG_WARN_ENUM_CONVERSION = YES;
				CLANG_WARN_INFINITE_RECURSION = YES;
				CLANG_WARN_INT_CONVERSION = YES;
				CLANG_WARN_NON_LITERAL_NULL_CONVERSION = YES;
				CLANG_WARN_OBJC_IMPLICIT_RETAIN_SELF = YES;
				CLANG_WARN_OBJC_LITERAL_CONVERSION = YES;
				CLANG_WARN_OBJC_ROOT_CLASS = YES_ERROR;
				CLANG_WARN_RANGE_LOOP_ANALYSIS = YES;
				CLANG_WARN_STRICT_PROTOTYPES = YES;
				CLANG_WARN_SUSPICIOUS_MOVE = YES;
				CLANG_WARN_UNGUARDED_AVAILABILITY = YES_AGGRESSIVE;
				CLANG_WARN_UNREACHABLE_CODE = YES;
				CLANG_WARN__DUPLICATE_METHOD_MATCH = YES;
				COPY_PHASE_STRIP = NO;
				CURRENT_PROJECT_VERSION = 1;
				DEBUG_INFORMATION_FORMAT = "dwarf-with-dsym";
				ENABLE_NS_ASSERTIONS = NO;
				ENABLE_STRICT_OBJC_MSGSEND = YES;
				GCC_C_LANGUAGE_STANDARD = gnu11;
				GCC_NO_COMMON_BLOCKS = YES;
				GCC_WARN_64_TO_32_BIT_CONVERSION = YES;
				GCC_WARN_ABOUT_RETURN_TYPE = YES_ERROR;
				GCC_WARN_UNDECLARED_SELECTOR = YES;
				GCC_WARN_UNINITIALIZED_AUTOS = YES_AGGRESSIVE;
				GCC_WARN_UNUSED_FUNCTION = YES;
				GCC_WARN_UNUSED_VARIABLE = YES;
				IPHONEOS_DEPLOYMENT_TARGET = 13.5;
				MTL_ENABLE_DEBUG_INFO = NO;
				MTL_FAST_MATH = YES;
				ONLY_ACTIVE_ARCH = NO;
				SDKROOT = iphoneos;
				SWIFT_COMPILATION_MODE = wholemodule;
				SWIFT_OPTIMIZATION_LEVEL = "-O";
				VALIDATE_PRODUCT = YES;
				VALID_ARCHS = "arm64 arm64e x86_64";
				VERSIONING_SYSTEM = "apple-generic";
				VERSION_INFO_PREFIX = "";
			};
			name = Release;
		};
		9DEA508D23D8CCA300932DB1 /* Debug */ = {
			isa = XCBuildConfiguration;
			buildSettings = {
				CLANG_ENABLE_MODULES = YES;
				CODE_SIGN_STYLE = Automatic;
				DEFINES_MODULE = YES;
				DEVELOPMENT_TEAM = TNX2PP585H;
				DYLIB_COMPATIBILITY_VERSION = 1;
				DYLIB_CURRENT_VERSION = 1;
				DYLIB_INSTALL_NAME_BASE = "@rpath";
				HEADER_SEARCH_PATHS = "\"$(SRCROOT)/../distribution/ios/libdsm/include\"";
				INFOPLIST_FILE = libdsm_ios/Info.plist;
				INSTALL_PATH = "$(LOCAL_LIBRARY_DIR)/Frameworks";
				IPHONEOS_DEPLOYMENT_TARGET = 10.0;
				LD_RUNPATH_SEARCH_PATHS = (
					"$(inherited)",
					"@executable_path/Frameworks",
					"@loader_path/Frameworks",
				);
				LIBRARY_SEARCH_PATHS = "\"$(SRCROOT)/../distribution/ios/libdsm/lib\"";
				MARKETING_VERSION = 1.1.7;
				PRODUCT_BUNDLE_IDENTIFIER = open.ios.lib.dsm;
				PRODUCT_NAME = "$(TARGET_NAME:c99extidentifier)";
				SKIP_INSTALL = YES;
				SUPPORTS_MACCATALYST = NO;
				SWIFT_INCLUDE_PATHS = "\"$(SRCROOT)/libdsm_ios\"";
				SWIFT_OPTIMIZATION_LEVEL = "-Onone";
				SWIFT_VERSION = 5.0;
				TARGETED_DEVICE_FAMILY = 1;
			};
			name = Debug;
		};
		9DEA508E23D8CCA300932DB1 /* Release */ = {
			isa = XCBuildConfiguration;
			buildSettings = {
				CLANG_ENABLE_MODULES = YES;
				CODE_SIGN_STYLE = Automatic;
				DEFINES_MODULE = YES;
				DEVELOPMENT_TEAM = TNX2PP585H;
				DYLIB_COMPATIBILITY_VERSION = 1;
				DYLIB_CURRENT_VERSION = 1;
				DYLIB_INSTALL_NAME_BASE = "@rpath";
				HEADER_SEARCH_PATHS = "\"$(SRCROOT)/../distribution/ios/libdsm/include\"";
				INFOPLIST_FILE = libdsm_ios/Info.plist;
				INSTALL_PATH = "$(LOCAL_LIBRARY_DIR)/Frameworks";
				IPHONEOS_DEPLOYMENT_TARGET = 10.0;
				LD_RUNPATH_SEARCH_PATHS = (
					"$(inherited)",
					"@executable_path/Frameworks",
					"@loader_path/Frameworks",
				);
				LIBRARY_SEARCH_PATHS = "\"$(SRCROOT)/../distribution/ios/libdsm/lib\"";
				MARKETING_VERSION = 1.1.7;
				PRODUCT_BUNDLE_IDENTIFIER = open.ios.lib.dsm;
				PRODUCT_NAME = "$(TARGET_NAME:c99extidentifier)";
				SKIP_INSTALL = YES;
				SUPPORTS_MACCATALYST = NO;
				SWIFT_INCLUDE_PATHS = "\"$(SRCROOT)/libdsm_ios\"";
				SWIFT_VERSION = 5.0;
				TARGETED_DEVICE_FAMILY = 1;
			};
			name = Release;
		};
		9DEA509023D8CCA300932DB1 /* Debug */ = {
			isa = XCBuildConfiguration;
			buildSettings = {
				ALWAYS_EMBED_SWIFT_STANDARD_LIBRARIES = YES;
				CODE_SIGN_STYLE = Automatic;
				DEVELOPMENT_TEAM = TNX2PP585H;
				INFOPLIST_FILE = libdsm_iosTests/Info.plist;
				LD_RUNPATH_SEARCH_PATHS = (
					"$(inherited)",
					"@executable_path/Frameworks",
					"@loader_path/Frameworks",
				);
				PRODUCT_BUNDLE_IDENTIFIER = "open.ios.libdsm-iosTests";
				PRODUCT_NAME = "$(TARGET_NAME)";
				SWIFT_VERSION = 5.0;
				TARGETED_DEVICE_FAMILY = "1,2";
			};
			name = Debug;
		};
		9DEA509123D8CCA300932DB1 /* Release */ = {
			isa = XCBuildConfiguration;
			buildSettings = {
				ALWAYS_EMBED_SWIFT_STANDARD_LIBRARIES = YES;
				CODE_SIGN_STYLE = Automatic;
				DEVELOPMENT_TEAM = TNX2PP585H;
				INFOPLIST_FILE = libdsm_iosTests/Info.plist;
				LD_RUNPATH_SEARCH_PATHS = (
					"$(inherited)",
					"@executable_path/Frameworks",
					"@loader_path/Frameworks",
				);
				PRODUCT_BUNDLE_IDENTIFIER = "open.ios.libdsm-iosTests";
				PRODUCT_NAME = "$(TARGET_NAME)";
				SWIFT_VERSION = 5.0;
				TARGETED_DEVICE_FAMILY = "1,2";
			};
			name = Release;
		};
/* End XCBuildConfiguration section */

/* Begin XCConfigurationList section */
		9DEA507223D8CCA300932DB1 /* Build configuration list for PBXProject "libdsm_ios" */ = {
			isa = XCConfigurationList;
			buildConfigurations = (
				9DEA508A23D8CCA300932DB1 /* Debug */,
				9DEA508B23D8CCA300932DB1 /* Release */,
			);
			defaultConfigurationIsVisible = 0;
			defaultConfigurationName = Release;
		};
		9DEA508C23D8CCA300932DB1 /* Build configuration list for PBXNativeTarget "libdsm_ios" */ = {
			isa = XCConfigurationList;
			buildConfigurations = (
				9DEA508D23D8CCA300932DB1 /* Debug */,
				9DEA508E23D8CCA300932DB1 /* Release */,
			);
			defaultConfigurationIsVisible = 0;
			defaultConfigurationName = Release;
		};
		9DEA508F23D8CCA300932DB1 /* Build configuration list for PBXNativeTarget "libdsm_iosTests" */ = {
			isa = XCConfigurationList;
			buildConfigurations = (
				9DEA509023D8CCA300932DB1 /* Debug */,
				9DEA509123D8CCA300932DB1 /* Release */,
			);
			defaultConfigurationIsVisible = 0;
			defaultConfigurationName = Release;
		};
/* End XCConfigurationList section */
	};
	rootObject = 9DEA506F23D8CCA300932DB1 /* Project object */;
}
