PODS:
  - Flutter (1.0.0)
  - libdsm (0.0.1):
    - Flutter

DEPENDENCIES:
  - Flutter (from `Flutter`)
  - libdsm (from `.symlinks/plugins/libdsm/ios`)

EXTERNAL SOURCES:
  Flutter:
    :path: Flutter
  libdsm:
    :path: ".symlinks/plugins/libdsm/ios"

SPEC CHECKSUMS:
  Flutter: 0e3d915762c693b495b44d77113d4970485de6ec
  libdsm: d2a34ace2ccb51aabf3f87d705df1a7874741dcc

PODFILE CHECKSUM: 083258d7f5e80b42ea9bfee905fe93049bc04c64

COCOAPODS: 1.8.4
