PODS:
  - Flutter (1.0.0)
  - libdsm (0.0.2):
    - Flutter

DEPENDENCIES:
  - Flutter (from `Flutter`)
  - libdsm (from `.symlinks/plugins/libdsm/ios`)

EXTERNAL SOURCES:
  Flutter:
    :path: Flutter
  libdsm:
    :path: ".symlinks/plugins/libdsm/ios"

SPEC CHECKSUMS:
  Flutter: 434fef37c0980e73bb6479ef766c45957d4b510c
  libdsm: 57a233f2d5463ffe32c6dc815d1e096c28d99794

PODFILE CHECKSUM: aafe91acc616949ddb318b77800a7f51bffa2a4c

COCOAPODS: 1.10.1
